# Wygenerowane przez toolkit-sync.sh — nie edytuj ręcznie.
# Sprawdzenie: bash <toolkit>/scripts/toolkit-sync.sh check .
toolkit_version 2026.09.05
toolkit_source  https://github.com/SzymonPaczos/claude-toolkit.git
toolkit_sha     a6816cf
#
# sha256-kopii	plik-w-projekcie	źródło-w-masterze	sha256-mastera-przy-stemplowaniu
7a69d2b0b54462dc0fc84c58a5a160ddf1312c9b37d17e0da3a7e9cd28e3aa8a	.claude/agents/builder.md	agents/builder.md	7a69d2b0b54462dc0fc84c58a5a160ddf1312c9b37d17e0da3a7e9cd28e3aa8a
098532e7e8ab239d609f68eb6a8dec933214faca60a07f6527622796521d8553	.claude/agents/coordinator.md	agents/coordinator.md	098532e7e8ab239d609f68eb6a8dec933214faca60a07f6527622796521d8553
aef5d3534e93afd54d42ebe5bab4ef98c53085bfad1b082d162aa89c17ecd367	.claude/agents/red-team.md	agents/red-team.md	aef5d3534e93afd54d42ebe5bab4ef98c53085bfad1b082d162aa89c17ecd367
bd5fc65d9ff496fc1495295339d0107d9d577b18933598e03410dafff4c9a9ac	.claude/agents/reviewer.md	agents/reviewer.md	bd5fc65d9ff496fc1495295339d0107d9d577b18933598e03410dafff4c9a9ac
f78178cb6758c2c09f0076fe11789e3c935586619e12a0420575dbbf5c53b4a5	.claude/agents/scout.md	agents/scout.md	f78178cb6758c2c09f0076fe11789e3c935586619e12a0420575dbbf5c53b4a5
839de0059dc360269d2321ef0128c3fd3a7c274b7f85bfb43be6fffbec78d67f	.claude/agents/security-reviewer.md	agents/security-reviewer.md	fde74596dcadfb9187a007ecd6eb8d4d02b1f69c589419ebf90f0c96423ea773
ba50643234ce8fdf506a2dc097f9de98ecfe5b8b441cd2329f611d961e223bcb	.claude/rules/change-provenance.md	conventions/change-provenance.md	ba50643234ce8fdf506a2dc097f9de98ecfe5b8b441cd2329f611d961e223bcb
911b6c5ea8c1648d222dc55705d5bcb27db46b3dc0cf17252fe559c959502fad	.claude/rules/ci-cd.md	conventions/ci-cd.md	911b6c5ea8c1648d222dc55705d5bcb27db46b3dc0cf17252fe559c959502fad
d39275a1e8406027d34ef56e4b353f12216f4ba3cbfdebd19796c464d37d3646	.claude/rules/multi-agent-delivery.md	conventions/multi-agent-delivery.md	d39275a1e8406027d34ef56e4b353f12216f4ba3cbfdebd19796c464d37d3646
edd314d9e793e730e89a2342543b66657034fcc3a6c7ee18b8c5cd0cef96e19d	.claude/rules/rules-as-gates.md	conventions/rules-as-gates.md	edd314d9e793e730e89a2342543b66657034fcc3a6c7ee18b8c5cd0cef96e19d
65991e134a32e3b86d87e9d9ac15693979e58e6521b6c88edf2472b630606920	.claude/skills/weekly-audit/SKILL.md	skills/weekly-audit/SKILL.md	65991e134a32e3b86d87e9d9ac15693979e58e6521b6c88edf2472b630606920
f5581c320b87e445e0c704cc88442e5d6fa096e67ea238f43a213b97aa284b77	.claude/skills/weekly-audit/references/kontrola-glebokosci.md	skills/weekly-audit/references/kontrola-glebokosci.md	f5581c320b87e445e0c704cc88442e5d6fa096e67ea238f43a213b97aa284b77
6ee63826663952e0b9a9f2ee231b9a27a10a313b8023dfb44f5cde5cde0eba9f	.claude/skills/weekly-audit/references/test-quality-baseline.md	skills/weekly-audit/references/test-quality-baseline.md	6ee63826663952e0b9a9f2ee231b9a27a10a313b8023dfb44f5cde5cde0eba9f
1619c7e1b93f2aee531db0879904a625c4abb0f98cd9b6909a20a8ff2ac3fbf3	.claude/templates/gitmessage.txt	templates/gitmessage.txt	1619c7e1b93f2aee531db0879904a625c4abb0f98cd9b6909a20a8ff2ac3fbf3
b567d4965251fd097e1b5ddf2d12d4bac8aa6a8c302ead5943121bde20a97fdf	.claude/templates/review-record.md	templates/review-record.md	b567d4965251fd097e1b5ddf2d12d4bac8aa6a8c302ead5943121bde20a97fdf
